
Microsoft Visual Studio Solution File, Format Version 12.00
# Visual Studio 14
VisualStudioVersion = 14.0.25123.0
MinimumVisualStudioVersion = 10.0.40219.1
Project("{FAE04EC0-301F-11D3-BF4B-00C04F79EFBC}") = "Server", "Server\Server.csproj", "{67F5A78A-AECC-4447-981B-2B7114E5328F}"
EndProject
Project("{FAE04EC0-301F-11D3-BF4B-00C04F79EFBC}") = "GrainInterfaces", "GrainInterfaces\GrainInterfaces.csproj", "{613B4571-4834-40AC-A95C-08F2A9D04EE0}"
EndProject
Project("{FAE04EC0-301F-11D3-BF4B-00C04F79EFBC}") = "Grains", "Grains\Grains.csproj", "{8911DE29-A60A-4D5C-8D3E-CF567ED1E2A2}"
EndProject
Project("{FAE04EC0-301F-11D3-BF4B-00C04F79EFBC}") = "Client", "Client\Client.csproj", "{FFD9D3E9-ECAF-4330-B4D8-5A821573803C}"
EndProject
Project("{FAE04EC0-301F-11D3-BF4B-00C04F79EFBC}") = "Api", "Api\Api.csproj", "{8B76E7F0-6975-4301-99C4-5957FD3F276F}"
EndProject
Project("{FAE04EC0-301F-11D3-BF4B-00C04F79EFBC}") = "Common", "Common\Common.csproj", "{FA67A9FD-D513-49D6-8B41-CE0D381D1239}"
EndProject
Project("{FAE04EC0-301F-11D3-BF4B-00C04F79EFBC}") = "Identity", "Identity\Identity.csproj", "{0D3B24E0-CFC5-4BBB-99EC-A4813F3B74FC}"
EndProject
Project("{2150E333-8FDC-42A3-9474-1A3956D46DE8}") = "Setup", "Setup", "{94A5A972-CDB7-4CCB-9472-9D1D17FECE35}"
	ProjectSection(SolutionItems) = preProject
		Setup\localhost.pfx = Setup\localhost.pfx
		Setup\readme.md = Setup\readme.md
	EndProjectSection
EndProject
Global
	GlobalSection(SolutionConfigurationPlatforms) = preSolution
		Debug|Any CPU = Debug|Any CPU
		Release|Any CPU = Release|Any CPU
	EndGlobalSection
	GlobalSection(ProjectConfigurationPlatforms) = postSolution
		{67F5A78A-AECC-4447-981B-2B7114E5328F}.Debug|Any CPU.ActiveCfg = Debug|Any CPU
		{67F5A78A-AECC-4447-981B-2B7114E5328F}.Debug|Any CPU.Build.0 = Debug|Any CPU
		{67F5A78A-AECC-4447-981B-2B7114E5328F}.Release|Any CPU.ActiveCfg = Release|Any CPU
		{67F5A78A-AECC-4447-981B-2B7114E5328F}.Release|Any CPU.Build.0 = Release|Any CPU
		{613B4571-4834-40AC-A95C-08F2A9D04EE0}.Debug|Any CPU.ActiveCfg = Debug|Any CPU
		{613B4571-4834-40AC-A95C-08F2A9D04EE0}.Debug|Any CPU.Build.0 = Debug|Any CPU
		{613B4571-4834-40AC-A95C-08F2A9D04EE0}.Release|Any CPU.ActiveCfg = Release|Any CPU
		{613B4571-4834-40AC-A95C-08F2A9D04EE0}.Release|Any CPU.Build.0 = Release|Any CPU
		{8911DE29-A60A-4D5C-8D3E-CF567ED1E2A2}.Debug|Any CPU.ActiveCfg = Debug|Any CPU
		{8911DE29-A60A-4D5C-8D3E-CF567ED1E2A2}.Debug|Any CPU.Build.0 = Debug|Any CPU
		{8911DE29-A60A-4D5C-8D3E-CF567ED1E2A2}.Release|Any CPU.ActiveCfg = Release|Any CPU
		{8911DE29-A60A-4D5C-8D3E-CF567ED1E2A2}.Release|Any CPU.Build.0 = Release|Any CPU
		{FFD9D3E9-ECAF-4330-B4D8-5A821573803C}.Debug|Any CPU.ActiveCfg = Debug|Any CPU
		{FFD9D3E9-ECAF-4330-B4D8-5A821573803C}.Debug|Any CPU.Build.0 = Debug|Any CPU
		{FFD9D3E9-ECAF-4330-B4D8-5A821573803C}.Release|Any CPU.ActiveCfg = Release|Any CPU
		{FFD9D3E9-ECAF-4330-B4D8-5A821573803C}.Release|Any CPU.Build.0 = Release|Any CPU
		{8B76E7F0-6975-4301-99C4-5957FD3F276F}.Debug|Any CPU.ActiveCfg = Debug|Any CPU
		{8B76E7F0-6975-4301-99C4-5957FD3F276F}.Debug|Any CPU.Build.0 = Debug|Any CPU
		{8B76E7F0-6975-4301-99C4-5957FD3F276F}.Release|Any CPU.ActiveCfg = Release|Any CPU
		{8B76E7F0-6975-4301-99C4-5957FD3F276F}.Release|Any CPU.Build.0 = Release|Any CPU
		{FA67A9FD-D513-49D6-8B41-CE0D381D1239}.Debug|Any CPU.ActiveCfg = Debug|Any CPU
		{FA67A9FD-D513-49D6-8B41-CE0D381D1239}.Debug|Any CPU.Build.0 = Debug|Any CPU
		{FA67A9FD-D513-49D6-8B41-CE0D381D1239}.Release|Any CPU.ActiveCfg = Release|Any CPU
		{FA67A9FD-D513-49D6-8B41-CE0D381D1239}.Release|Any CPU.Build.0 = Release|Any CPU
		{0D3B24E0-CFC5-4BBB-99EC-A4813F3B74FC}.Debug|Any CPU.ActiveCfg = Debug|Any CPU
		{0D3B24E0-CFC5-4BBB-99EC-A4813F3B74FC}.Debug|Any CPU.Build.0 = Debug|Any CPU
		{0D3B24E0-CFC5-4BBB-99EC-A4813F3B74FC}.Release|Any CPU.ActiveCfg = Release|Any CPU
		{0D3B24E0-CFC5-4BBB-99EC-A4813F3B74FC}.Release|Any CPU.Build.0 = Release|Any CPU
	EndGlobalSection
	GlobalSection(SolutionProperties) = preSolution
		HideSolutionNode = FALSE
	EndGlobalSection
	GlobalSection(ExtensibilityGlobals) = postSolution
		EnterpriseLibraryConfigurationToolBinariesPathV6 = packages\EnterpriseLibrary.TransientFaultHandling.6.0.1304.0\lib\portable-net45+win+wp8
	EndGlobalSection
EndGlobal
